// !$*UTF8*$!
{
	archiveVersion = 1;
	classes = {
	};
	objectVersion = 51;
	objects = {

/* Begin PBXBuildFile section */
		286BBAAE2801726AE5AF6E9D /* Pods_FirebaseB.framework in Frameworks */ = {isa = PBXBuildFile; fileRef = 6D336EEE09F8FC172DED36B3 /* Pods_FirebaseB.framework */; };
		A4856A2823B5EEF0001C2ACB /* AppDelegate.swift in Sources */ = {isa = PBXBuildFile; fileRef = A4856A2723B5EEF0001C2ACB /* AppDelegate.swift */; };
		A4856A2A23B5EEF0001C2ACB /* SceneDelegate.swift in Sources */ = {isa = PBXBuildFile; fileRef = A4856A2923B5EEF0001C2ACB /* SceneDelegate.swift */; };
		A4856A2C23B5EEF0001C2ACB /* ViewController.swift in Sources */ = {isa = PBXBuildFile; fileRef = A4856A2B23B5EEF0001C2ACB /* ViewController.swift */; };
		A4856A2F23B5EEF0001C2ACB /* Main.storyboard in Resources */ = {isa = PBXBuildFile; fileRef = A4856A2D23B5EEF0001C2ACB /* Main.storyboard */; };
		A4856A3123B5EEF3001C2ACB /* Assets.xcassets in Resources */ = {isa = PBXBuildFile; fileRef = A4856A3023B5EEF3001C2ACB /* Assets.xcassets */; };
		A4856A3423B5EEF3001C2ACB /* LaunchScreen.storyboard in Resources */ = {isa = PBXBuildFile; fileRef = A4856A3223B5EEF3001C2ACB /* LaunchScreen.storyboard */; };
		A4856A4023B5F0D2001C2ACB /* GoogleService-Info.plist in Resources */ = {isa = PBXBuildFile; fileRef = A4856A3F23B5F0D2001C2ACB /* GoogleService-Info.plist */; };
/* End PBXBuildFile section */

/* Begin PBXFileReference section */
		6D336EEE09F8FC172DED36B3 /* Pods_FirebaseB.framework */ = {isa = PBXFileReference; explicitFileType = wrapper.framework; includeInIndex = 0; path = Pods_FirebaseB.framework; sourceTree = BUILT_PRODUCTS_DIR; };
		7E75A4C144062B6B65E517DF /* Pods-FirebaseB.debug.xcconfig */ = {isa = PBXFileReference; includeInIndex = 1; lastKnownFileType = text.xcconfig; name = "Pods-FirebaseB.debug.xcconfig"; path = "Target Support Files/Pods-FirebaseB/Pods-FirebaseB.debug.xcconfig"; sourceTree = "<group>"; };
		A4856A2423B5EEF0001C2ACB /* FirebaseB.app */ = {isa = PBXFileReference; explicitFileType = wrapper.application; includeInIndex = 0; path = FirebaseB.app; sourceTree = BUILT_PRODUCTS_DIR; };
		A4856A2723B5EEF0001C2ACB /* AppDelegate.swift */ = {isa = PBXFileReference; lastKnownFileType = sourcecode.swift; path = AppDelegate.swift; sourceTree = "<group>"; };
		A4856A2923B5EEF0001C2ACB /* SceneDelegate.swift */ = {isa = PBXFileReference; lastKnownFileType = sourcecode.swift; path = SceneDelegate.swift; sourceTree = "<group>"; };
		A4856A2B23B5EEF0001C2ACB /* ViewController.swift */ = {isa = PBXFileReference; lastKnownFileType = sourcecode.swift; path = ViewController.swift; sourceTree = "<group>"; };
		A4856A2E23B5EEF0001C2ACB /* Base */ = {isa = PBXFileReference; lastKnownFileType = file.storyboard; name = Base; path = Base.lproj/Main.storyboard; sourceTree = "<group>"; };
		A4856A3023B5EEF3001C2ACB /* Assets.xcassets */ = {isa = PBXFileReference; lastKnownFileType = folder.assetcatalog; path = Assets.xcassets; sourceTree = "<group>"; };
		A4856A3323B5EEF3001C2ACB /* Base */ = {isa = PBXFileReference; lastKnownFileType = file.storyboard; name = Base; path = Base.lproj/LaunchScreen.storyboard; sourceTree = "<group>"; };
		A4856A3523B5EEF3001C2ACB /* Info.plist */ = {isa = PBXFileReference; lastKnownFileType = text.plist.xml; path = Info.plist; sourceTree = "<group>"; };
		A4856A3F23B5F0D2001C2ACB /* GoogleService-Info.plist */ = {isa = PBXFileReference; fileEncoding = 4; lastKnownFileType = text.plist.xml; path = "GoogleService-Info.plist"; sourceTree = "<group>"; };
		FD2ED5006B6BCEB653C39F88 /* Pods-FirebaseB.release.xcconfig */ = {isa = PBXFileReference; includeInIndex = 1; lastKnownFileType = text.xcconfig; name = "Pods-FirebaseB.release.xcconfig"; path = "Target Support Files/Pods-FirebaseB/Pods-FirebaseB.release.xcconfig"; sourceTree = "<group>"; };
/* End PBXFileReference section */

/* Begin PBXFrameworksBuildPhase section */
		A4856A2123B5EEEF001C2ACB /* Frameworks */ = {
			isa = PBXFrameworksBuildPhase;
			buildActionMask = 2147483647;
			files = (
				286BBAAE2801726AE5AF6E9D /* Pods_FirebaseB.framework in Frameworks */,
			);
			runOnlyForDeploymentPostprocessing = 0;
		};
/* End PBXFrameworksBuildPhase section */

/* Begin PBXGroup section */
		1064DE0FCC00EA7FFDD9AF8F /* Pods */ = {
			isa = PBXGroup;
			children = (
				7E75A4C144062B6B65E517DF /* Pods-FirebaseB.debug.xcconfig */,
				FD2ED5006B6BCEB653C39F88 /* Pods-FirebaseB.release.xcconfig */,
			);
			path = Pods;
			sourceTree = "<group>";
		};
		8BCBC8F2F83279BD1F038CE1 /* Frameworks */ = {
			isa = PBXGroup;
			children = (
				6D336EEE09F8FC172DED36B3 /* Pods_FirebaseB.framework */,
			);
			name = Frameworks;
			sourceTree = "<group>";
		};
		A4856A1B23B5EEEF001C2ACB = {
			isa = PBXGroup;
			children = (
				A4856A2623B5EEF0001C2ACB /* FirebaseB */,
				A4856A2523B5EEF0001C2ACB /* Products */,
				1064DE0FCC00EA7FFDD9AF8F /* Pods */,
				8BCBC8F2F83279BD1F038CE1 /* Frameworks */,
			);
			sourceTree = "<group>";
		};
		A4856A2523B5EEF0001C2ACB /* Products */ = {
			isa = PBXGroup;
			children = (
				A4856A2423B5EEF0001C2ACB /* FirebaseB.app */,
			);
			name = Products;
			sourceTree = "<group>";
		};
		A4856A2623B5EEF0001C2ACB /* FirebaseB */ = {
			isa = PBXGroup;
			children = (
				A4856A2723B5EEF0001C2ACB /* AppDelegate.swift */,
				A4856A2923B5EEF0001C2ACB /* SceneDelegate.swift */,
				A4856A2B23B5EEF0001C2ACB /* ViewController.swift */,
				A4856A2D23B5EEF0001C2ACB /* Main.storyboard */,
				A4856A3023B5EEF3001C2ACB /* Assets.xcassets */,
				A4856A3223B5EEF3001C2ACB /* LaunchScreen.storyboard */,
				A4856A3523B5EEF3001C2ACB /* Info.plist */,
				A4856A3F23B5F0D2001C2ACB /* GoogleService-Info.plist */,
			);
			path = FirebaseB;
			sourceTree = "<group>";
		};
/* End PBXGroup section */

/* Begin PBXNativeTarget section */
		A4856A2323B5EEEF001C2ACB /* FirebaseB */ = {
			isa = PBXNativeTarget;
			buildConfigurationList = A4856A3823B5EEF3001C2ACB /* Build configuration list for PBXNativeTarget "FirebaseB" */;
			buildPhases = (
				FDC5CDADA3598E6012D22945 /* [CP] Check Pods Manifest.lock */,
				A4856A2023B5EEEF001C2ACB /* Sources */,
				A4856A2123B5EEEF001C2ACB /* Frameworks */,
				A4856A2223B5EEEF001C2ACB /* Resources */,
				CA3C7B3C58D78CD0DCCDF75A /* [CP] Embed Pods Frameworks */,
			);
			buildRules = (
			);
			dependencies = (
			);
			name = FirebaseB;
			productName = FirebaseB;
			productReference = A4856A2423B5EEF0001C2ACB /* FirebaseB.app */;
			productType = "com.apple.product-type.application";
		};
/* End PBXNativeTarget section */

/* Begin PBXProject section */
		A4856A1C23B5EEEF001C2ACB /* Project object */ = {
			isa = PBXProject;
			attributes = {
				LastSwiftUpdateCheck = 1130;
				LastUpgradeCheck = 1130;
				ORGANIZATIONNAME = "Fujii Yuta";
				TargetAttributes = {
					A4856A2323B5EEEF001C2ACB = {
						CreatedOnToolsVersion = 11.3;
					};
				};
			};
			buildConfigurationList = A4856A1F23B5EEEF001C2ACB /* Build configuration list for PBXProject "FirebaseB" */;
			compatibilityVersion = "Xcode 9.3";
			developmentRegion = en;
			hasScannedForEncodings = 0;
			knownRegions = (
				en,
				Base,
			);
			mainGroup = A4856A1B23B5EEEF001C2ACB;
			productRefGroup = A4856A2523B5EEF0001C2ACB /* Products */;
			projectDirPath = "";
			projectRoot = "";
			targets = (
				A4856A2323B5EEEF001C2ACB /* FirebaseB */,
			);
		};
/* End PBXProject section */

/* Begin PBXResourcesBuildPhase section */
		A4856A2223B5EEEF001C2ACB /* Resources */ = {
			isa = PBXResourcesBuildPhase;
			buildActionMask = 2147483647;
			files = (
				A4856A3423B5EEF3001C2ACB /* LaunchScreen.storyboard in Resources */,
				A4856A4023B5F0D2001C2ACB /* GoogleService-Info.plist in Resources */,
				A4856A3123B5EEF3001C2ACB /* Assets.xcassets in Resources */,
				A4856A2F23B5EEF0001C2ACB /* Main.storyboard in Resources */,
			);
			runOnlyForDeploymentPostprocessing = 0;
		};
/* End PBXResourcesBuildPhase section */

/* Begin PBXShellScriptBuildPhase section */
		CA3C7B3C58D78CD0DCCDF75A /* [CP] Embed Pods Frameworks */ = {
			isa = PBXShellScriptBuildPhase;
			buildActionMask = 2147483647;
			files = (
			);
			inputFileListPaths = (
				"${PODS_ROOT}/Target Support Files/Pods-FirebaseB/Pods-FirebaseB-frameworks-${CONFIGURATION}-input-files.xcfilelist",
			);
			name = "[CP] Embed Pods Frameworks";
			outputFileListPaths = (
				"${PODS_ROOT}/Target Support Files/Pods-FirebaseB/Pods-FirebaseB-frameworks-${CONFIGURATION}-output-files.xcfilelist",
			);
			runOnlyForDeploymentPostprocessing = 0;
			shellPath = /bin/sh;
			shellScript = "\"${PODS_ROOT}/Target Support Files/Pods-FirebaseB/Pods-FirebaseB-frameworks.sh\"\n";
			showEnvVarsInLog = 0;
		};
		FDC5CDADA3598E6012D22945 /* [CP] Check Pods Manifest.lock */ = {
			isa = PBXShellScriptBuildPhase;
			buildActionMask = 2147483647;
			files = (
			);
			inputFileListPaths = (
			);
			inputPaths = (
				"${PODS_PODFILE_DIR_PATH}/Podfile.lock",
				"${PODS_ROOT}/Manifest.lock",
			);
			name = "[CP] Check Pods Manifest.lock";
			outputFileListPaths = (
			);
			outputPaths = (
				"$(DERIVED_FILE_DIR)/Pods-FirebaseB-checkManifestLockResult.txt",
			);
			runOnlyForDeploymentPostprocessing = 0;
			shellPath = /bin/sh;
			shellScript = "diff \"${PODS_PODFILE_DIR_PATH}/Podfile.lock\" \"${PODS_ROOT}/Manifest.lock\" > /dev/null\nif [ $? != 0 ] ; then\n    # print error to STDERR\n    echo \"error: The sandbox is not in sync with the Podfile.lock. Run 'pod install' or update your CocoaPods installation.\" >&2\n    exit 1\nfi\n# This output is used by Xcode 'outputs' to avoid re-running this script phase.\necho \"SUCCESS\" > \"${SCRIPT_OUTPUT_FILE_0}\"\n";
			showEnvVarsInLog = 0;
		};
/* End PBXShellScriptBuildPhase section */

/* Begin PBXSourcesBuildPhase section */
		A4856A2023B5EEEF001C2ACB /* Sources */ = {
			isa = PBXSourcesBuildPhase;
			buildActionMask = 2147483647;
			files = (
				A4856A2C23B5EEF0001C2ACB /* ViewController.swift in Sources */,
				A4856A2823B5EEF0001C2ACB /* AppDelegate.swift in Sources */,
				A4856A2A23B5EEF0001C2ACB /* SceneDelegate.swift in Sources */,
			);
			runOnlyForDeploymentPostprocessing = 0;
		};
/* End PBXSourcesBuildPhase section */

/* Begin PBXVariantGroup section */
		A4856A2D23B5EEF0001C2ACB /* Main.storyboard */ = {
			isa = PBXVariantGroup;
			children = (
				A4856A2E23B5EEF0001C2ACB /* Base */,
			);
			name = Main.storyboard;
			sourceTree = "<group>";
		};
		A4856A3223B5EEF3001C2ACB /* LaunchScreen.storyboard */ = {
			isa = PBXVariantGroup;
			children = (
				A4856A3323B5EEF3001C2ACB /* Base */,
			);
			name = LaunchScreen.storyboard;
			sourceTree = "<group>";
		};
/* End PBXVariantGroup section */

/* Begin XCBuildConfiguration section */
		A4856A3623B5EEF3001C2ACB /* Debug */ = {
			isa = XCBuildConfiguration;
			buildSettings = {
				ALWAYS_SEARCH_USER_PATHS = NO;
				CLANG_ANALYZER_NONNULL = YES;
				CLANG_ANALYZER_NUMBER_OBJECT_CONVERSION = YES_AGGRESSIVE;
				CLANG_CXX_LANGUAGE_STANDARD = "gnu++14";
				CLANG_CXX_LIBRARY = "libc++";
				CLANG_ENABLE_MODULES = YES;
				CLANG_ENABLE_OBJC_ARC = YES;
				CLANG_ENABLE_OBJC_WEAK = YES;
				CLANG_WARN_BLOCK_CAPTURE_AUTORELEASING = YES;
				CLANG_WARN_BOOL_CONVERSION = YES;
				CLANG_WARN_COMMA = YES;
				CLANG_WARN_CONSTANT_CONVERSION = YES;
				CLANG_WARN_DEPRECATED_OBJC_IMPLEMENTATIONS = YES;
				CLANG_WARN_DIRECT_OBJC_ISA_USAGE = YES_ERROR;
				CLANG_WARN_DOCUMENTATION_COMMENTS = YES;
				CLANG_WARN_EMPTY_BODY = YES;
				CLANG_WARN_ENUM_CONVERSION = YES;
				CLANG_WARN_INFINITE_RECURSION = YES;
				CLANG_WARN_INT_CONVERSION = YES;
				CLANG_WARN_NON_LITERAL_NULL_CONVERSION = YES;
				CLANG_WARN_OBJC_IMPLICIT_RETAIN_SELF = YES;
				CLANG_WARN_OBJC_LITERAL_CONVERSION = YES;
				CLANG_WARN_OBJC_ROOT_CLASS = YES_ERROR;
				CLANG_WARN_RANGE_LOOP_ANALYSIS = YES;
				CLANG_WARN_STRICT_PROTOTYPES = YES;
				CLANG_WARN_SUSPICIOUS_MOVE = YES;
				CLANG_WARN_UNGUARDED_AVAILABILITY = YES_AGGRESSIVE;
				CLANG_WARN_UNREACHABLE_CODE = YES;
				CLANG_WARN__DUPLICATE_METHOD_MATCH = YES;
				COPY_PHASE_STRIP = NO;
				DEBUG_INFORMATION_FORMAT = dwarf;
				ENABLE_STRICT_OBJC_MSGSEND = YES;
				ENABLE_TESTABILITY = YES;
				GCC_C_LANGUAGE_STANDARD = gnu11;
				GCC_DYNAMIC_NO_PIC = NO;
				GCC_NO_COMMON_BLOCKS = YES;
				GCC_OPTIMIZATION_LEVEL = 0;
				GCC_PREPROCESSOR_DEFINITIONS = (
					"DEBUG=1",
					"$(inherited)",
				);
				GCC_WARN_64_TO_32_BIT_CONVERSION = YES;
				GCC_WARN_ABOUT_RETURN_TYPE = YES_ERROR;
				GCC_WARN_UNDECLARED_SELECTOR = YES;
				GCC_WARN_UNINITIALIZED_AUTOS = YES_AGGRESSIVE;
				GCC_WARN_UNUSED_FUNCTION = YES;
				GCC_WARN_UNUSED_VARIABLE = YES;
				IPHONEOS_DEPLOYMENT_TARGET = 13.2;
				MTL_ENABLE_DEBUG_INFO = INCLUDE_SOURCE;
				MTL_FAST_MATH = YES;
				ONLY_ACTIVE_ARCH = YES;
				SDKROOT = iphoneos;
				SWIFT_ACTIVE_COMPILATION_CONDITIONS = DEBUG;
				SWIFT_OPTIMIZATION_LEVEL = "-Onone";
			};
			name = Debug;
		};
		A4856A3723B5EEF3001C2ACB /* Release */ = {
			isa = XCBuildConfiguration;
			buildSettings = {
				ALWAYS_SEARCH_USER_PATHS = NO;
				CLANG_ANALYZER_NONNULL = YES;
				CLANG_ANALYZER_NUMBER_OBJECT_CONVERSION = YES_AGGRESSIVE;
				CLANG_CXX_LANGUAGE_STANDARD = "gnu++14";
				CLANG_CXX_LIBRARY = "libc++";
				CLANG_ENABLE_MODULES = YES;
				CLANG_ENABLE_OBJC_ARC = YES;
				CLANG_ENABLE_OBJC_WEAK = YES;
				CLANG_WARN_BLOCK_CAPTURE_AUTORELEASING = YES;
				CLANG_WARN_BOOL_CONVERSION = YES;
				CLANG_WARN_COMMA = YES;
				CLANG_WARN_CONSTANT_CONVERSION = YES;
				CLANG_WARN_DEPRECATED_OBJC_IMPLEMENTATIONS = YES;
				CLANG_WARN_DIRECT_OBJC_ISA_USAGE = YES_ERROR;
				CLANG_WARN_DOCUMENTATION_COMMENTS = YES;
				CLANG_WARN_EMPTY_BODY = YES;
				CLANG_WARN_ENUM_CONVERSION = YES;
				CLANG_WARN_INFINITE_RECURSION = YES;
				CLANG_WARN_INT_CONVERSION = YES;
				CLANG_WARN_NON_LITERAL_NULL_CONVERSION = YES;
				CLANG_WARN_OBJC_IMPLICIT_RETAIN_SELF = YES;
				CLANG_WARN_OBJC_LITERAL_CONVERSION = YES;
				CLANG_WARN_OBJC_ROOT_CLASS = YES_ERROR;
				CLANG_WARN_RANGE_LOOP_ANALYSIS = YES;
				CLANG_WARN_STRICT_PROTOTYPES = YES;
				CLANG_WARN_SUSPICIOUS_MOVE = YES;
				CLANG_WARN_UNGUARDED_AVAILABILITY = YES_AGGRESSIVE;
				CLANG_WARN_UNREACHABLE_CODE = YES;
				CLANG_WARN__DUPLICATE_METHOD_MATCH = YES;
				COPY_PHASE_STRIP = NO;
				DEBUG_INFORMATION_FORMAT = "dwarf-with-dsym";
				ENABLE_NS_ASSERTIONS = NO;
				ENABLE_STRICT_OBJC_MSGSEND = YES;
				GCC_C_LANGUAGE_STANDARD = gnu11;
				GCC_NO_COMMON_BLOCKS = YES;
				GCC_WARN_64_TO_32_BIT_CONVERSION = YES;
				GCC_WARN_ABOUT_RETURN_TYPE = YES_ERROR;
				GCC_WARN_UNDECLARED_SELECTOR = YES;
				GCC_WARN_UNINITIALIZED_AUTOS = YES_AGGRESSIVE;
				GCC_WARN_UNUSED_FUNCTION = YES;
				GCC_WARN_UNUSED_VARIABLE = YES;
				IPHONEOS_DEPLOYMENT_TARGET = 13.2;
				MTL_ENABLE_DEBUG_INFO = NO;
				MTL_FAST_MATH = YES;
				SDKROOT = iphoneos;
				SWIFT_COMPILATION_MODE = wholemodule;
				SWIFT_OPTIMIZATION_LEVEL = "-O";
				VALIDATE_PRODUCT = YES;
			};
			name = Release;
		};
		A4856A3923B5EEF3001C2ACB /* Debug */ = {
			isa = XCBuildConfiguration;
			baseConfigurationReference = 7E75A4C144062B6B65E517DF /* Pods-FirebaseB.debug.xcconfig */;
			buildSettings = {
				ASSETCATALOG_COMPILER_APPICON_NAME = AppIcon;
				CODE_SIGN_STYLE = Automatic;
				INFOPLIST_FILE = FirebaseB/Info.plist;
				LD_RUNPATH_SEARCH_PATHS = (
					"$(inherited)",
					"@executable_path/Frameworks",
				);
				PRODUCT_BUNDLE_IDENTIFIER = com.yutaudemy.FirebaseB;
				PRODUCT_NAME = "$(TARGET_NAME)";
				SWIFT_VERSION = 5.0;
				TARGETED_DEVICE_FAMILY = "1,2";
			};
			name = Debug;
		};
		A4856A3A23B5EEF3001C2ACB /* Release */ = {
			isa = XCBuildConfiguration;
			baseConfigurationReference = FD2ED5006B6BCEB653C39F88 /* Pods-FirebaseB.release.xcconfig */;
			buildSettings = {
				ASSETCATALOG_COMPILER_APPICON_NAME = AppIcon;
				CODE_SIGN_STYLE = Automatic;
				INFOPLIST_FILE = FirebaseB/Info.plist;
				LD_RUNPATH_SEARCH_PATHS = (
					"$(inherited)",
					"@executable_path/Frameworks",
				);
				PRODUCT_BUNDLE_IDENTIFIER = com.yutaudemy.FirebaseB;
				PRODUCT_NAME = "$(TARGET_NAME)";
				SWIFT_VERSION = 5.0;
				TARGETED_DEVICE_FAMILY = "1,2";
			};
			name = Release;
		};
/* End XCBuildConfiguration section */

/* Begin XCConfigurationList section */
		A4856A1F23B5EEEF001C2ACB /* Build configuration list for PBXProject "FirebaseB" */ = {
			isa = XCConfigurationList;
			buildConfigurations = (
				A4856A3623B5EEF3001C2ACB /* Debug */,
				A4856A3723B5EEF3001C2ACB /* Release */,
			);
			defaultConfigurationIsVisible = 0;
			defaultConfigurationName = Release;
		};
		A4856A3823B5EEF3001C2ACB /* Build configuration list for PBXNativeTarget "FirebaseB" */ = {
			isa = XCConfigurationList;
			buildConfigurations = (
				A4856A3923B5EEF3001C2ACB /* Debug */,
				A4856A3A23B5EEF3001C2ACB /* Release */,
			);
			defaultConfigurationIsVisible = 0;
			defaultConfigurationName = Release;
		};
/* End XCConfigurationList section */
	};
	rootObject = A4856A1C23B5EEEF001C2ACB /* Project object */;
}
